
Microsoft Visual Studio Solution File, Format Version 12.00
Project("{FAE04EC0-301F-11D3-BF4B-00C04F79EFBC}") = "FluentValidationTest", "FluentValidationTest\FluentValidationTest.csproj", "{1C84D6C2-7558-4694-A35C-CFD573AE72AE}"
EndProject
Project("{FAE04EC0-301F-11D3-BF4B-00C04F79EFBC}") = "FluentValidationTest.Tests", "FluentValidationTest.Tests\FluentValidationTest.Tests.csproj", "{46481FEE-ADD5-4D56-85E4-8A59C88FBC80}"
EndProject
Global
	GlobalSection(SolutionConfigurationPlatforms) = preSolution
		Debug|Any CPU = Debug|Any CPU
		Release|Any CPU = Release|Any CPU
	EndGlobalSection
	GlobalSection(ProjectConfigurationPlatforms) = postSolution
		{1C84D6C2-7558-4694-A35C-CFD573AE72AE}.Debug|Any CPU.ActiveCfg = Debug|Any CPU
		{1C84D6C2-7558-4694-A35C-CFD573AE72AE}.Debug|Any CPU.Build.0 = Debug|Any CPU
		{1C84D6C2-7558-4694-A35C-CFD573AE72AE}.Release|Any CPU.ActiveCfg = Release|Any CPU
		{1C84D6C2-7558-4694-A35C-CFD573AE72AE}.Release|Any CPU.Build.0 = Release|Any CPU
		{46481FEE-ADD5-4D56-85E4-8A59C88FBC80}.Debug|Any CPU.ActiveCfg = Debug|Any CPU
		{46481FEE-ADD5-4D56-85E4-8A59C88FBC80}.Debug|Any CPU.Build.0 = Debug|Any CPU
		{46481FEE-ADD5-4D56-85E4-8A59C88FBC80}.Release|Any CPU.ActiveCfg = Release|Any CPU
		{46481FEE-ADD5-4D56-85E4-8A59C88FBC80}.Release|Any CPU.Build.0 = Release|Any CPU
	EndGlobalSection
EndGlobal
