
Microsoft Visual Studio Solution File, Format Version 12.00
# Visual Studio Version 17
VisualStudioVersion = 17.0.32112.339
MinimumVisualStudioVersion = 10.0.40219.1
Project("{2150E333-8FDC-42A3-9474-1A3956D46DE8}") = "Solution Items", "Solution Items", "{3EC869AC-C35B-48C7-9EDC-F9A1DC37EA4D}"
	ProjectSection(SolutionItems) = preProject
		.editorconfig = .editorconfig
		.gitignore = .gitignore
		Directory.Build.props = Directory.Build.props
		nuget-officialonly.config = nuget-officialonly.config
		nuget.config = nuget.config
		run-tests.bat = run-tests.bat
	EndProjectSection
EndProject
Project("{2150E333-8FDC-42A3-9474-1A3956D46DE8}") = "src", "src", "{BDD07D52-9A8C-4677-8957-F68AFADBF685}"
EndProject
Project("{2150E333-8FDC-42A3-9474-1A3956D46DE8}") = "tests", "tests", "{777ABC2E-0B7B-47C1-91C7-561720E8D640}"
EndProject
Project("{2150E333-8FDC-42A3-9474-1A3956D46DE8}") = ".github", ".github", "{D151CF1B-1164-47DD-B48F-4B720BEE4D4B}"
	ProjectSection(SolutionItems) = preProject
		.github\dependabot.yml = .github\dependabot.yml
	EndProjectSection
EndProject
Project("{9A19103F-16F7-4668-BE54-9A1E7A4F7556}") = "FluentValidationTest", "src\FluentValidationTest\FluentValidationTest.csproj", "{FB96610E-A7FF-46D5-BFE7-E107E4752C73}"
EndProject
Project("{9A19103F-16F7-4668-BE54-9A1E7A4F7556}") = "FluentValidationTest.Tests", "tests\FluentValidationTest.Tests\FluentValidationTest.Tests.csproj", "{6C74DC1F-5341-4996-97D4-9B426AC7341F}"
EndProject
Global
	GlobalSection(SolutionConfigurationPlatforms) = preSolution
		Debug|Any CPU = Debug|Any CPU
		Release|Any CPU = Release|Any CPU
	EndGlobalSection
	GlobalSection(ProjectConfigurationPlatforms) = postSolution
		{FB96610E-A7FF-46D5-BFE7-E107E4752C73}.Debug|Any CPU.ActiveCfg = Debug|Any CPU
		{FB96610E-A7FF-46D5-BFE7-E107E4752C73}.Debug|Any CPU.Build.0 = Debug|Any CPU
		{FB96610E-A7FF-46D5-BFE7-E107E4752C73}.Release|Any CPU.ActiveCfg = Release|Any CPU
		{FB96610E-A7FF-46D5-BFE7-E107E4752C73}.Release|Any CPU.Build.0 = Release|Any CPU
		{6C74DC1F-5341-4996-97D4-9B426AC7341F}.Debug|Any CPU.ActiveCfg = Debug|Any CPU
		{6C74DC1F-5341-4996-97D4-9B426AC7341F}.Debug|Any CPU.Build.0 = Debug|Any CPU
		{6C74DC1F-5341-4996-97D4-9B426AC7341F}.Release|Any CPU.ActiveCfg = Release|Any CPU
		{6C74DC1F-5341-4996-97D4-9B426AC7341F}.Release|Any CPU.Build.0 = Release|Any CPU
	EndGlobalSection
	GlobalSection(SolutionProperties) = preSolution
		HideSolutionNode = FALSE
	EndGlobalSection
	GlobalSection(NestedProjects) = preSolution
		{FB96610E-A7FF-46D5-BFE7-E107E4752C73} = {BDD07D52-9A8C-4677-8957-F68AFADBF685}
		{6C74DC1F-5341-4996-97D4-9B426AC7341F} = {777ABC2E-0B7B-47C1-91C7-561720E8D640}
	EndGlobalSection
	GlobalSection(ExtensibilityGlobals) = postSolution
		SolutionGuid = {E5217F7B-E72E-4BD4-8785-17C93C670182}
	EndGlobalSection
EndGlobal
